
Microsoft Visual Studio Solution File, Format Version 12.00
# Visual Studio Version 16
VisualStudioVersion = 16.0.31911.196
MinimumVisualStudioVersion = 10.0.40219.1
Project("{9A19103F-16F7-4668-BE54-9A1E7A4F7556}") = "SodaMachine", "SodaMachine.csproj", "{190B9166-C2CD-4AE3-977A-90B64E6B9ACA}"
EndProject
Project("{FAE04EC0-301F-11D3-BF4B-00C04F79EFBC}") = "SodaMachine.Tests", "..\SodaMachine.Tests\SodaMachine.Tests.csproj", "{294BD8F0-C612-4E4B-98DD-8363D7F798BE}"
EndProject
Global
	GlobalSection(SolutionConfigurationPlatforms) = preSolution
		Debug|Any CPU = Debug|Any CPU
		Release|Any CPU = Release|Any CPU
	EndGlobalSection
	GlobalSection(ProjectConfigurationPlatforms) = postSolution
		{190B9166-C2CD-4AE3-977A-90B64E6B9ACA}.Debug|Any CPU.ActiveCfg = Debug|Any CPU
		{190B9166-C2CD-4AE3-977A-90B64E6B9ACA}.Debug|Any CPU.Build.0 = Debug|Any CPU
		{190B9166-C2CD-4AE3-977A-90B64E6B9ACA}.Release|Any CPU.ActiveCfg = Release|Any CPU
		{190B9166-C2CD-4AE3-977A-90B64E6B9ACA}.Release|Any CPU.Build.0 = Release|Any CPU
		{294BD8F0-C612-4E4B-98DD-8363D7F798BE}.Debug|Any CPU.ActiveCfg = Debug|Any CPU
		{294BD8F0-C612-4E4B-98DD-8363D7F798BE}.Debug|Any CPU.Build.0 = Debug|Any CPU
		{294BD8F0-C612-4E4B-98DD-8363D7F798BE}.Release|Any CPU.ActiveCfg = Release|Any CPU
		{294BD8F0-C612-4E4B-98DD-8363D7F798BE}.Release|Any CPU.Build.0 = Release|Any CPU
	EndGlobalSection
	GlobalSection(SolutionProperties) = preSolution
		HideSolutionNode = FALSE
	EndGlobalSection
	GlobalSection(ExtensibilityGlobals) = postSolution
		SolutionGuid = {7EDCE15A-2721-4D7F-BEEB-28501BB56B54}
	EndGlobalSection
EndGlobal
